// !$*UTF8*$!
{
	archiveVersion = 1;
	classes = {
	};
	objectVersion = 51;
	objects = {

/* Begin PBXBuildFile section */
		38B37EE12625E18B775B8FFA /* Pods_GoodNews.framework in Frameworks */ = {isa = PBXBuildFile; fileRef = 20756BC04E136BAFF83A641A /* Pods_GoodNews.framework */; };
		AEA2D8642519D6300009DD1B /* AppDelegate.swift in Sources */ = {isa = PBXBuildFile; fileRef = AEA2D8632519D6300009DD1B /* AppDelegate.swift */; };
		AEA2D8662519D6300009DD1B /* SceneDelegate.swift in Sources */ = {isa = PBXBuildFile; fileRef = AEA2D8652519D6300009DD1B /* SceneDelegate.swift */; };
		AEA2D86B2519D6300009DD1B /* Main.storyboard in Resources */ = {isa = PBXBuildFile; fileRef = AEA2D8692519D6300009DD1B /* Main.storyboard */; };
		AEA2D86D2519D6330009DD1B /* Assets.xcassets in Resources */ = {isa = PBXBuildFile; fileRef = AEA2D86C2519D6330009DD1B /* Assets.xcassets */; };
		AEA2D8702519D6330009DD1B /* LaunchScreen.storyboard in Resources */ = {isa = PBXBuildFile; fileRef = AEA2D86E2519D6330009DD1B /* LaunchScreen.storyboard */; };
		AEA2D87A2519D6D70009DD1B /* NewsTableViewController.swift in Sources */ = {isa = PBXBuildFile; fileRef = AEA2D8792519D6D70009DD1B /* NewsTableViewController.swift */; };
		AEA2D8842519EFB80009DD1B /* Article.swift in Sources */ = {isa = PBXBuildFile; fileRef = AEA2D8832519EFB80009DD1B /* Article.swift */; };
		AEA2D8882519F4D40009DD1B /* ArticleTableViewCell.swift in Sources */ = {isa = PBXBuildFile; fileRef = AEA2D8872519F4D40009DD1B /* ArticleTableViewCell.swift */; };
		AEA2D88C2519FA8F0009DD1B /* URLRequest+Extensions.swift in Sources */ = {isa = PBXBuildFile; fileRef = AEA2D88B2519FA8F0009DD1B /* URLRequest+Extensions.swift */; };
/* End PBXBuildFile section */

/* Begin PBXFileReference section */
		20756BC04E136BAFF83A641A /* Pods_GoodNews.framework */ = {isa = PBXFileReference; explicitFileType = wrapper.framework; includeInIndex = 0; path = Pods_GoodNews.framework; sourceTree = BUILT_PRODUCTS_DIR; };
		6EFE9BE7A9CA0F712982F29E /* Pods-GoodNews.release.xcconfig */ = {isa = PBXFileReference; includeInIndex = 1; lastKnownFileType = text.xcconfig; name = "Pods-GoodNews.release.xcconfig"; path = "Target Support Files/Pods-GoodNews/Pods-GoodNews.release.xcconfig"; sourceTree = "<group>"; };
		AEA2D8602519D6300009DD1B /* GoodNews.app */ = {isa = PBXFileReference; explicitFileType = wrapper.application; includeInIndex = 0; path = GoodNews.app; sourceTree = BUILT_PRODUCTS_DIR; };
		AEA2D8632519D6300009DD1B /* AppDelegate.swift */ = {isa = PBXFileReference; lastKnownFileType = sourcecode.swift; path = AppDelegate.swift; sourceTree = "<group>"; };
		AEA2D8652519D6300009DD1B /* SceneDelegate.swift */ = {isa = PBXFileReference; lastKnownFileType = sourcecode.swift; path = SceneDelegate.swift; sourceTree = "<group>"; };
		AEA2D86A2519D6300009DD1B /* Base */ = {isa = PBXFileReference; lastKnownFileType = file.storyboard; name = Base; path = Base.lproj/Main.storyboard; sourceTree = "<group>"; };
		AEA2D86C2519D6330009DD1B /* Assets.xcassets */ = {isa = PBXFileReference; lastKnownFileType = folder.assetcatalog; path = Assets.xcassets; sourceTree = "<group>"; };
		AEA2D86F2519D6330009DD1B /* Base */ = {isa = PBXFileReference; lastKnownFileType = file.storyboard; name = Base; path = Base.lproj/LaunchScreen.storyboard; sourceTree = "<group>"; };
		AEA2D8712519D6330009DD1B /* Info.plist */ = {isa = PBXFileReference; lastKnownFileType = text.plist.xml; path = Info.plist; sourceTree = "<group>"; };
		AEA2D8792519D6D70009DD1B /* NewsTableViewController.swift */ = {isa = PBXFileReference; lastKnownFileType = sourcecode.swift; path = NewsTableViewController.swift; sourceTree = "<group>"; };
		AEA2D8832519EFB80009DD1B /* Article.swift */ = {isa = PBXFileReference; lastKnownFileType = sourcecode.swift; path = Article.swift; sourceTree = "<group>"; };
		AEA2D8872519F4D40009DD1B /* ArticleTableViewCell.swift */ = {isa = PBXFileReference; lastKnownFileType = sourcecode.swift; path = ArticleTableViewCell.swift; sourceTree = "<group>"; };
		AEA2D88B2519FA8F0009DD1B /* URLRequest+Extensions.swift */ = {isa = PBXFileReference; lastKnownFileType = sourcecode.swift; path = "URLRequest+Extensions.swift"; sourceTree = "<group>"; };
		E73A46FCEEC1A8EF2143AA50 /* Pods-GoodNews.debug.xcconfig */ = {isa = PBXFileReference; includeInIndex = 1; lastKnownFileType = text.xcconfig; name = "Pods-GoodNews.debug.xcconfig"; path = "Target Support Files/Pods-GoodNews/Pods-GoodNews.debug.xcconfig"; sourceTree = "<group>"; };
/* End PBXFileReference section */

/* Begin PBXFrameworksBuildPhase section */
		AEA2D85D2519D6300009DD1B /* Frameworks */ = {
			isa = PBXFrameworksBuildPhase;
			buildActionMask = 2147483647;
			files = (
				38B37EE12625E18B775B8FFA /* Pods_GoodNews.framework in Frameworks */,
			);
			runOnlyForDeploymentPostprocessing = 0;
		};
/* End PBXFrameworksBuildPhase section */

/* Begin PBXGroup section */
		77A293F82B3102CF24A684DD /* Frameworks */ = {
			isa = PBXGroup;
			children = (
				20756BC04E136BAFF83A641A /* Pods_GoodNews.framework */,
			);
			name = Frameworks;
			sourceTree = "<group>";
		};
		AEA2D8572519D6300009DD1B = {
			isa = PBXGroup;
			children = (
				AEA2D8622519D6300009DD1B /* GoodNews */,
				AEA2D8612519D6300009DD1B /* Products */,
				C1EB11141DBD9FCC0E5634C8 /* Pods */,
				77A293F82B3102CF24A684DD /* Frameworks */,
			);
			sourceTree = "<group>";
		};
		AEA2D8612519D6300009DD1B /* Products */ = {
			isa = PBXGroup;
			children = (
				AEA2D8602519D6300009DD1B /* GoodNews.app */,
			);
			name = Products;
			sourceTree = "<group>";
		};
		AEA2D8622519D6300009DD1B /* GoodNews */ = {
			isa = PBXGroup;
			children = (
				AEA2D88F251A054A0009DD1B /* Models */,
				AEA2D88A2519FA6E0009DD1B /* Extensions */,
				AEA2D8862519F4C20009DD1B /* Cells */,
				AEA2D8792519D6D70009DD1B /* NewsTableViewController.swift */,
				AEA2D8692519D6300009DD1B /* Main.storyboard */,
				AEA2D8632519D6300009DD1B /* AppDelegate.swift */,
				AEA2D8652519D6300009DD1B /* SceneDelegate.swift */,
				AEA2D86C2519D6330009DD1B /* Assets.xcassets */,
				AEA2D86E2519D6330009DD1B /* LaunchScreen.storyboard */,
				AEA2D8712519D6330009DD1B /* Info.plist */,
			);
			path = GoodNews;
			sourceTree = "<group>";
		};
		AEA2D8862519F4C20009DD1B /* Cells */ = {
			isa = PBXGroup;
			children = (
				AEA2D8872519F4D40009DD1B /* ArticleTableViewCell.swift */,
			);
			path = Cells;
			sourceTree = "<group>";
		};
		AEA2D88A2519FA6E0009DD1B /* Extensions */ = {
			isa = PBXGroup;
			children = (
				AEA2D88B2519FA8F0009DD1B /* URLRequest+Extensions.swift */,
			);
			path = Extensions;
			sourceTree = "<group>";
		};
		AEA2D88F251A054A0009DD1B /* Models */ = {
			isa = PBXGroup;
			children = (
				AEA2D8832519EFB80009DD1B /* Article.swift */,
			);
			path = Models;
			sourceTree = "<group>";
		};
		C1EB11141DBD9FCC0E5634C8 /* Pods */ = {
			isa = PBXGroup;
			children = (
				E73A46FCEEC1A8EF2143AA50 /* Pods-GoodNews.debug.xcconfig */,
				6EFE9BE7A9CA0F712982F29E /* Pods-GoodNews.release.xcconfig */,
			);
			path = Pods;
			sourceTree = "<group>";
		};
/* End PBXGroup section */

/* Begin PBXNativeTarget section */
		AEA2D85F2519D6300009DD1B /* GoodNews */ = {
			isa = PBXNativeTarget;
			buildConfigurationList = AEA2D8742519D6330009DD1B /* Build configuration list for PBXNativeTarget "GoodNews" */;
			buildPhases = (
				870EFB5DDFF0DF0880454445 /* [CP] Check Pods Manifest.lock */,
				AEA2D85C2519D6300009DD1B /* Sources */,
				AEA2D85D2519D6300009DD1B /* Frameworks */,
				AEA2D85E2519D6300009DD1B /* Resources */,
				C94D01EE9809A41F31BAB629 /* [CP] Embed Pods Frameworks */,
			);
			buildRules = (
			);
			dependencies = (
			);
			name = GoodNews;
			productName = GoodNews;
			productReference = AEA2D8602519D6300009DD1B /* GoodNews.app */;
			productType = "com.apple.product-type.application";
		};
/* End PBXNativeTarget section */

/* Begin PBXProject section */
		AEA2D8582519D6300009DD1B /* Project object */ = {
			isa = PBXProject;
			attributes = {
				LastSwiftUpdateCheck = 1200;
				LastUpgradeCheck = 1200;
				TargetAttributes = {
					AEA2D85F2519D6300009DD1B = {
						CreatedOnToolsVersion = 12.0;
					};
				};
			};
			buildConfigurationList = AEA2D85B2519D6300009DD1B /* Build configuration list for PBXProject "GoodNews" */;
			compatibilityVersion = "Xcode 9.3";
			developmentRegion = en;
			hasScannedForEncodings = 0;
			knownRegions = (
				en,
				Base,
			);
			mainGroup = AEA2D8572519D6300009DD1B;
			productRefGroup = AEA2D8612519D6300009DD1B /* Products */;
			projectDirPath = "";
			projectRoot = "";
			targets = (
				AEA2D85F2519D6300009DD1B /* GoodNews */,
			);
		};
/* End PBXProject section */

/* Begin PBXResourcesBuildPhase section */
		AEA2D85E2519D6300009DD1B /* Resources */ = {
			isa = PBXResourcesBuildPhase;
			buildActionMask = 2147483647;
			files = (
				AEA2D8702519D6330009DD1B /* LaunchScreen.storyboard in Resources */,
				AEA2D86D2519D6330009DD1B /* Assets.xcassets in Resources */,
				AEA2D86B2519D6300009DD1B /* Main.storyboard in Resources */,
			);
			runOnlyForDeploymentPostprocessing = 0;
		};
/* End PBXResourcesBuildPhase section */

/* Begin PBXShellScriptBuildPhase section */
		870EFB5DDFF0DF0880454445 /* [CP] Check Pods Manifest.lock */ = {
			isa = PBXShellScriptBuildPhase;
			buildActionMask = 2147483647;
			files = (
			);
			inputFileListPaths = (
			);
			inputPaths = (
				"${PODS_PODFILE_DIR_PATH}/Podfile.lock",
				"${PODS_ROOT}/Manifest.lock",
			);
			name = "[CP] Check Pods Manifest.lock";
			outputFileListPaths = (
			);
			outputPaths = (
				"$(DERIVED_FILE_DIR)/Pods-GoodNews-checkManifestLockResult.txt",
			);
			runOnlyForDeploymentPostprocessing = 0;
			shellPath = /bin/sh;
			shellScript = "diff \"${PODS_PODFILE_DIR_PATH}/Podfile.lock\" \"${PODS_ROOT}/Manifest.lock\" > /dev/null\nif [ $? != 0 ] ; then\n    # print error to STDERR\n    echo \"error: The sandbox is not in sync with the Podfile.lock. Run 'pod install' or update your CocoaPods installation.\" >&2\n    exit 1\nfi\n# This output is used by Xcode 'outputs' to avoid re-running this script phase.\necho \"SUCCESS\" > \"${SCRIPT_OUTPUT_FILE_0}\"\n";
			showEnvVarsInLog = 0;
		};
		C94D01EE9809A41F31BAB629 /* [CP] Embed Pods Frameworks */ = {
			isa = PBXShellScriptBuildPhase;
			buildActionMask = 2147483647;
			files = (
			);
			inputFileListPaths = (
				"${PODS_ROOT}/Target Support Files/Pods-GoodNews/Pods-GoodNews-frameworks-${CONFIGURATION}-input-files.xcfilelist",
			);
			name = "[CP] Embed Pods Frameworks";
			outputFileListPaths = (
				"${PODS_ROOT}/Target Support Files/Pods-GoodNews/Pods-GoodNews-frameworks-${CONFIGURATION}-output-files.xcfilelist",
			);
			runOnlyForDeploymentPostprocessing = 0;
			shellPath = /bin/sh;
			shellScript = "\"${PODS_ROOT}/Target Support Files/Pods-GoodNews/Pods-GoodNews-frameworks.sh\"\n";
			showEnvVarsInLog = 0;
		};
/* End PBXShellScriptBuildPhase section */

/* Begin PBXSourcesBuildPhase section */
		AEA2D85C2519D6300009DD1B /* Sources */ = {
			isa = PBXSourcesBuildPhase;
			buildActionMask = 2147483647;
			files = (
				AEA2D8882519F4D40009DD1B /* ArticleTableViewCell.swift in Sources */,
				AEA2D8842519EFB80009DD1B /* Article.swift in Sources */,
				AEA2D8642519D6300009DD1B /* AppDelegate.swift in Sources */,
				AEA2D88C2519FA8F0009DD1B /* URLRequest+Extensions.swift in Sources */,
				AEA2D8662519D6300009DD1B /* SceneDelegate.swift in Sources */,
				AEA2D87A2519D6D70009DD1B /* NewsTableViewController.swift in Sources */,
			);
			runOnlyForDeploymentPostprocessing = 0;
		};
/* End PBXSourcesBuildPhase section */

/* Begin PBXVariantGroup section */
		AEA2D8692519D6300009DD1B /* Main.storyboard */ = {
			isa = PBXVariantGroup;
			children = (
				AEA2D86A2519D6300009DD1B /* Base */,
			);
			name = Main.storyboard;
			sourceTree = "<group>";
		};
		AEA2D86E2519D6330009DD1B /* LaunchScreen.storyboard */ = {
			isa = PBXVariantGroup;
			children = (
				AEA2D86F2519D6330009DD1B /* Base */,
			);
			name = LaunchScreen.storyboard;
			sourceTree = "<group>";
		};
/* End PBXVariantGroup section */

/* Begin XCBuildConfiguration section */
		AEA2D8722519D6330009DD1B /* Debug */ = {
			isa = XCBuildConfiguration;
			buildSettings = {
				ALWAYS_SEARCH_USER_PATHS = NO;
				CLANG_ANALYZER_NONNULL = YES;
				CLANG_ANALYZER_NUMBER_OBJECT_CONVERSION = YES_AGGRESSIVE;
				CLANG_CXX_LANGUAGE_STANDARD = "gnu++14";
				CLANG_CXX_LIBRARY = "libc++";
				CLANG_ENABLE_MODULES = YES;
				CLANG_ENABLE_OBJC_ARC = YES;
				CLANG_ENABLE_OBJC_WEAK = YES;
				CLANG_WARN_BLOCK_CAPTURE_AUTORELEASING = YES;
				CLANG_WARN_BOOL_CONVERSION = YES;
				CLANG_WARN_COMMA = YES;
				CLANG_WARN_CONSTANT_CONVERSION = YES;
				CLANG_WARN_DEPRECATED_OBJC_IMPLEMENTATIONS = YES;
				CLANG_WARN_DIRECT_OBJC_ISA_USAGE = YES_ERROR;
				CLANG_WARN_DOCUMENTATION_COMMENTS = YES;
				CLANG_WARN_EMPTY_BODY = YES;
				CLANG_WARN_ENUM_CONVERSION = YES;
				CLANG_WARN_INFINITE_RECURSION = YES;
				CLANG_WARN_INT_CONVERSION = YES;
				CLANG_WARN_NON_LITERAL_NULL_CONVERSION = YES;
				CLANG_WARN_OBJC_IMPLICIT_RETAIN_SELF = YES;
				CLANG_WARN_OBJC_LITERAL_CONVERSION = YES;
				CLANG_WARN_OBJC_ROOT_CLASS = YES_ERROR;
				CLANG_WARN_QUOTED_INCLUDE_IN_FRAMEWORK_HEADER = YES;
				CLANG_WARN_RANGE_LOOP_ANALYSIS = YES;
				CLANG_WARN_STRICT_PROTOTYPES = YES;
				CLANG_WARN_SUSPICIOUS_MOVE = YES;
				CLANG_WARN_UNGUARDED_AVAILABILITY = YES_AGGRESSIVE;
				CLANG_WARN_UNREACHABLE_CODE = YES;
				CLANG_WARN__DUPLICATE_METHOD_MATCH = YES;
				COPY_PHASE_STRIP = NO;
				DEBUG_INFORMATION_FORMAT = dwarf;
				ENABLE_STRICT_OBJC_MSGSEND = YES;
				ENABLE_TESTABILITY = YES;
				GCC_C_LANGUAGE_STANDARD = gnu11;
				GCC_DYNAMIC_NO_PIC = NO;
				GCC_NO_COMMON_BLOCKS = YES;
				GCC_OPTIMIZATION_LEVEL = 0;
				GCC_PREPROCESSOR_DEFINITIONS = (
					"DEBUG=1",
					"$(inherited)",
				);
				GCC_WARN_64_TO_32_BIT_CONVERSION = YES;
				GCC_WARN_ABOUT_RETURN_TYPE = YES_ERROR;
				GCC_WARN_UNDECLARED_SELECTOR = YES;
				GCC_WARN_UNINITIALIZED_AUTOS = YES_AGGRESSIVE;
				GCC_WARN_UNUSED_FUNCTION = YES;
				GCC_WARN_UNUSED_VARIABLE = YES;
				IPHONEOS_DEPLOYMENT_TARGET = 14.0;
				MTL_ENABLE_DEBUG_INFO = INCLUDE_SOURCE;
				MTL_FAST_MATH = YES;
				ONLY_ACTIVE_ARCH = YES;
				SDKROOT = iphoneos;
				SWIFT_ACTIVE_COMPILATION_CONDITIONS = DEBUG;
				SWIFT_OPTIMIZATION_LEVEL = "-Onone";
			};
			name = Debug;
		};
		AEA2D8732519D6330009DD1B /* Release */ = {
			isa = XCBuildConfiguration;
			buildSettings = {
				ALWAYS_SEARCH_USER_PATHS = NO;
				CLANG_ANALYZER_NONNULL = YES;
				CLANG_ANALYZER_NUMBER_OBJECT_CONVERSION = YES_AGGRESSIVE;
				CLANG_CXX_LANGUAGE_STANDARD = "gnu++14";
				CLANG_CXX_LIBRARY = "libc++";
				CLANG_ENABLE_MODULES = YES;
				CLANG_ENABLE_OBJC_ARC = YES;
				CLANG_ENABLE_OBJC_WEAK = YES;
				CLANG_WARN_BLOCK_CAPTURE_AUTORELEASING = YES;
				CLANG_WARN_BOOL_CONVERSION = YES;
				CLANG_WARN_COMMA = YES;
				CLANG_WARN_CONSTANT_CONVERSION = YES;
				CLANG_WARN_DEPRECATED_OBJC_IMPLEMENTATIONS = YES;
				CLANG_WARN_DIRECT_OBJC_ISA_USAGE = YES_ERROR;
				CLANG_WARN_DOCUMENTATION_COMMENTS = YES;
				CLANG_WARN_EMPTY_BODY = YES;
				CLANG_WARN_ENUM_CONVERSION = YES;
				CLANG_WARN_INFINITE_RECURSION = YES;
				CLANG_WARN_INT_CONVERSION = YES;
				CLANG_WARN_NON_LITERAL_NULL_CONVERSION = YES;
				CLANG_WARN_OBJC_IMPLICIT_RETAIN_SELF = YES;
				CLANG_WARN_OBJC_LITERAL_CONVERSION = YES;
				CLANG_WARN_OBJC_ROOT_CLASS = YES_ERROR;
				CLANG_WARN_QUOTED_INCLUDE_IN_FRAMEWORK_HEADER = YES;
				CLANG_WARN_RANGE_LOOP_ANALYSIS = YES;
				CLANG_WARN_STRICT_PROTOTYPES = YES;
				CLANG_WARN_SUSPICIOUS_MOVE = YES;
				CLANG_WARN_UNGUARDED_AVAILABILITY = YES_AGGRESSIVE;
				CLANG_WARN_UNREACHABLE_CODE = YES;
				CLANG_WARN__DUPLICATE_METHOD_MATCH = YES;
				COPY_PHASE_STRIP = NO;
				DEBUG_INFORMATION_FORMAT = "dwarf-with-dsym";
				ENABLE_NS_ASSERTIONS = NO;
				ENABLE_STRICT_OBJC_MSGSEND = YES;
				GCC_C_LANGUAGE_STANDARD = gnu11;
				GCC_NO_COMMON_BLOCKS = YES;
				GCC_WARN_64_TO_32_BIT_CONVERSION = YES;
				GCC_WARN_ABOUT_RETURN_TYPE = YES_ERROR;
				GCC_WARN_UNDECLARED_SELECTOR = YES;
				GCC_WARN_UNINITIALIZED_AUTOS = YES_AGGRESSIVE;
				GCC_WARN_UNUSED_FUNCTION = YES;
				GCC_WARN_UNUSED_VARIABLE = YES;
				IPHONEOS_DEPLOYMENT_TARGET = 14.0;
				MTL_ENABLE_DEBUG_INFO = NO;
				MTL_FAST_MATH = YES;
				SDKROOT = iphoneos;
				SWIFT_COMPILATION_MODE = wholemodule;
				SWIFT_OPTIMIZATION_LEVEL = "-O";
				VALIDATE_PRODUCT = YES;
			};
			name = Release;
		};
		AEA2D8752519D6330009DD1B /* Debug */ = {
			isa = XCBuildConfiguration;
			baseConfigurationReference = E73A46FCEEC1A8EF2143AA50 /* Pods-GoodNews.debug.xcconfig */;
			buildSettings = {
				ASSETCATALOG_COMPILER_APPICON_NAME = AppIcon;
				ASSETCATALOG_COMPILER_GLOBAL_ACCENT_COLOR_NAME = AccentColor;
				CODE_SIGN_STYLE = Automatic;
				DEVELOPMENT_TEAM = D6B69W56R4;
				INFOPLIST_FILE = GoodNews/Info.plist;
				IPHONEOS_DEPLOYMENT_TARGET = 13.6;
				LD_RUNPATH_SEARCH_PATHS = (
					"$(inherited)",
					"@executable_path/Frameworks",
				);
				PRODUCT_BUNDLE_IDENTIFIER = com.kantemirvologirov.GoodNews;
				PRODUCT_NAME = "$(TARGET_NAME)";
				SWIFT_VERSION = 5.0;
				TARGETED_DEVICE_FAMILY = "1,2";
			};
			name = Debug;
		};
		AEA2D8762519D6330009DD1B /* Release */ = {
			isa = XCBuildConfiguration;
			baseConfigurationReference = 6EFE9BE7A9CA0F712982F29E /* Pods-GoodNews.release.xcconfig */;
			buildSettings = {
				ASSETCATALOG_COMPILER_APPICON_NAME = AppIcon;
				ASSETCATALOG_COMPILER_GLOBAL_ACCENT_COLOR_NAME = AccentColor;
				CODE_SIGN_STYLE = Automatic;
				DEVELOPMENT_TEAM = D6B69W56R4;
				INFOPLIST_FILE = GoodNews/Info.plist;
				IPHONEOS_DEPLOYMENT_TARGET = 13.6;
				LD_RUNPATH_SEARCH_PATHS = (
					"$(inherited)",
					"@executable_path/Frameworks",
				);
				PRODUCT_BUNDLE_IDENTIFIER = com.kantemirvologirov.GoodNews;
				PRODUCT_NAME = "$(TARGET_NAME)";
				SWIFT_VERSION = 5.0;
				TARGETED_DEVICE_FAMILY = "1,2";
			};
			name = Release;
		};
/* End XCBuildConfiguration section */

/* Begin XCConfigurationList section */
		AEA2D85B2519D6300009DD1B /* Build configuration list for PBXProject "GoodNews" */ = {
			isa = XCConfigurationList;
			buildConfigurations = (
				AEA2D8722519D6330009DD1B /* Debug */,
				AEA2D8732519D6330009DD1B /* Release */,
			);
			defaultConfigurationIsVisible = 0;
			defaultConfigurationName = Release;
		};
		AEA2D8742519D6330009DD1B /* Build configuration list for PBXNativeTarget "GoodNews" */ = {
			isa = XCConfigurationList;
			buildConfigurations = (
				AEA2D8752519D6330009DD1B /* Debug */,
				AEA2D8762519D6330009DD1B /* Release */,
			);
			defaultConfigurationIsVisible = 0;
			defaultConfigurationName = Release;
		};
/* End XCConfigurationList section */
	};
	rootObject = AEA2D8582519D6300009DD1B /* Project object */;
}
